
Microsoft Visual Studio Solution File, Format Version 12.00
# Visual Studio Version 17
VisualStudioVersion = 17.9.34728.123
MinimumVisualStudioVersion = 10.0.40219.1
Project("{FAE04EC0-301F-11D3-BF4B-00C04F79EFBC}") = "Otus_HW4_Reflection", "Otus_HW4_Reflection\Otus_HW4_Reflection.csproj", "{B547C697-2DDF-46E2-AEBF-7A12245D2BB0}"
EndProject
Global
	GlobalSection(SolutionConfigurationPlatforms) = preSolution
		Debug|Any CPU = Debug|Any CPU
		Release|Any CPU = Release|Any CPU
	EndGlobalSection
	GlobalSection(ProjectConfigurationPlatforms) = postSolution
		{B547C697-2DDF-46E2-AEBF-7A12245D2BB0}.Debug|Any CPU.ActiveCfg = Debug|Any CPU
		{B547C697-2DDF-46E2-AEBF-7A12245D2BB0}.Debug|Any CPU.Build.0 = Debug|Any CPU
		{B547C697-2DDF-46E2-AEBF-7A12245D2BB0}.Release|Any CPU.ActiveCfg = Release|Any CPU
		{B547C697-2DDF-46E2-AEBF-7A12245D2BB0}.Release|Any CPU.Build.0 = Release|Any CPU
	EndGlobalSection
	GlobalSection(SolutionProperties) = preSolution
		HideSolutionNode = FALSE
	EndGlobalSection
	GlobalSection(ExtensibilityGlobals) = postSolution
		SolutionGuid = {7FBC45B5-FEDC-4F7B-95EB-67E3425BAB86}
	EndGlobalSection
EndGlobal
